
Microsoft Visual Studio Solution File, Format Version 12.00
# Visual Studio Version 16
VisualStudioVersion = 16.0.29911.84
MinimumVisualStudioVersion = 10.0.40219.1
Project("{FAE04EC0-301F-11D3-BF4B-00C04F79EFBC}") = "StarCinema", "StarCinema\StarCinema.csproj", "{A1790A22-F0E3-4102-84F2-50E83AA08E06}"
EndProject
Global
	GlobalSection(SolutionConfigurationPlatforms) = preSolution
		Debug|Any CPU = Debug|Any CPU
		Release|Any CPU = Release|Any CPU
	EndGlobalSection
	GlobalSection(ProjectConfigurationPlatforms) = postSolution
		{A1790A22-F0E3-4102-84F2-50E83AA08E06}.Debug|Any CPU.ActiveCfg = Debug|Any CPU
		{A1790A22-F0E3-4102-84F2-50E83AA08E06}.Debug|Any CPU.Build.0 = Debug|Any CPU
		{A1790A22-F0E3-4102-84F2-50E83AA08E06}.Release|Any CPU.ActiveCfg = Release|Any CPU
		{A1790A22-F0E3-4102-84F2-50E83AA08E06}.Release|Any CPU.Build.0 = Release|Any CPU
	EndGlobalSection
	GlobalSection(SolutionProperties) = preSolution
		HideSolutionNode = FALSE
	EndGlobalSection
	GlobalSection(ExtensibilityGlobals) = postSolution
		SolutionGuid = {2A0E7721-9D47-4F93-9B5E-09244B4B80B7}
	EndGlobalSection
EndGlobal
